#
# This file is autogenerated by pip-compile with Python 3.12
# by the following command:
#
#    pip-compile --all-build-deps --allow-unsafe --extra=dev --no-index --output-file=requirements/dev-linux.lock --strip-extras pyproject.toml
#
annotated-doc==0.0.5
    # via typer
build==1.6.1
    # via
    #   pip-tools
    #   reproducible-experiment-runner (pyproject.toml)
click==8.5.0
    # via pip-tools
iniconfig==2.3.0
    # via pytest
markdown-it-py==4.2.0
    # via rich
mdurl==0.1.2
    # via markdown-it-py
packaging==26.3
    # via
    #   build
    #   pytest
    #   wheel
pip-tools==7.6.1
    # via reproducible-experiment-runner (pyproject.toml)
pluggy==1.6.0
    # via pytest
pygments==2.21.0
    # via
    #   pytest
    #   rich
pyproject-hooks==1.3.3
    # via
    #   build
    #   pip-tools
pytest==9.1.1
    # via reproducible-experiment-runner (pyproject.toml)
pyyaml==6.0.3
    # via reproducible-experiment-runner (pyproject.toml)
rich==15.0.0
    # via typer
ruff==0.16.9
    # via reproducible-experiment-runner (pyproject.toml)
shellingham==1.5.4
    # via typer
typer==0.27.2
    # via reproducible-experiment-runner (pyproject.toml)
wheel==0.48.0
    # via
    #   pip-tools
    #   reproducible-experiment-runner (pyproject.toml::build-system.requires)

# The following packages are considered to be unsafe in a requirements file:
pip==26.2.1
    # via pip-tools
setuptools==84.0.0
    # via
    #   pip-tools
    #   reproducible-experiment-runner (pyproject.toml::build-system.requires)
